
Microsoft Visual Studio Solution File, Format Version 12.00
# Visual Studio 15
VisualStudioVersion = 15.0.28307.106
MinimumVisualStudioVersion = 10.0.40219.1
Project("{FAE04EC0-301F-11D3-BF4B-00C04F79EFBC}") = "DemoAviacao", "DemoAviacao\DemoAviacao.csproj", "{C9B0CB55-045D-4B88-A70C-C41876CA4A63}"
EndProject
Global
	GlobalSection(SolutionConfigurationPlatforms) = preSolution
		Debug|Any CPU = Debug|Any CPU
		Release|Any CPU = Release|Any CPU
	EndGlobalSection
	GlobalSection(ProjectConfigurationPlatforms) = postSolution
		{C9B0CB55-045D-4B88-A70C-C41876CA4A63}.Debug|Any CPU.ActiveCfg = Debug|Any CPU
		{C9B0CB55-045D-4B88-A70C-C41876CA4A63}.Debug|Any CPU.Build.0 = Debug|Any CPU
		{C9B0CB55-045D-4B88-A70C-C41876CA4A63}.Release|Any CPU.ActiveCfg = Release|Any CPU
		{C9B0CB55-045D-4B88-A70C-C41876CA4A63}.Release|Any CPU.Build.0 = Release|Any CPU
	EndGlobalSection
	GlobalSection(SolutionProperties) = preSolution
		HideSolutionNode = FALSE
	EndGlobalSection
	GlobalSection(ExtensibilityGlobals) = postSolution
		SolutionGuid = {A8774D09-8F47-41CF-83B5-E7A320E579BF}
	EndGlobalSection
EndGlobal
